
Microsoft Visual Studio Solution File, Format Version 12.00
# Visual Studio for Mac
Project("{FAE04EC0-301F-11D3-BF4B-00C04F79EFBC}") = "Assembly-CSharp", "Assembly-CSharp.csproj", "{8E35E6C1-B941-EB88-68F9-3F1E7477EF05}"
EndProject
Project("{FAE04EC0-301F-11D3-BF4B-00C04F79EFBC}") = "Assembly-CSharp-Editor", "Assembly-CSharp-Editor.csproj", "{4644E45D-D278-9147-22BA-087377BF3C1A}"
EndProject
Global
	GlobalSection(SolutionConfigurationPlatforms) = preSolution
		Debug|Any CPU = Debug|Any CPU
		Release|Any CPU = Release|Any CPU
	EndGlobalSection
	GlobalSection(ProjectConfigurationPlatforms) = postSolution
		{8E35E6C1-B941-EB88-68F9-3F1E7477EF05}.Debug|Any CPU.ActiveCfg = Debug|Any CPU
		{8E35E6C1-B941-EB88-68F9-3F1E7477EF05}.Debug|Any CPU.Build.0 = Debug|Any CPU
		{8E35E6C1-B941-EB88-68F9-3F1E7477EF05}.Release|Any CPU.ActiveCfg = Release|Any CPU
		{8E35E6C1-B941-EB88-68F9-3F1E7477EF05}.Release|Any CPU.Build.0 = Release|Any CPU
		{4644E45D-D278-9147-22BA-087377BF3C1A}.Debug|Any CPU.ActiveCfg = Debug|Any CPU
		{4644E45D-D278-9147-22BA-087377BF3C1A}.Debug|Any CPU.Build.0 = Debug|Any CPU
		{4644E45D-D278-9147-22BA-087377BF3C1A}.Release|Any CPU.ActiveCfg = Release|Any CPU
		{4644E45D-D278-9147-22BA-087377BF3C1A}.Release|Any CPU.Build.0 = Release|Any CPU
	EndGlobalSection
	GlobalSection(SolutionProperties) = preSolution
		HideSolutionNode = FALSE
	EndGlobalSection
EndGlobal
